// !$*UTF8*$!
{
	archiveVersion = 1;
	classes = {
	};
	objectVersion = 46;
	objects = {

/* Begin PBXBuildFile section */
		020F3324166E9DD4007DD053 /* SetupTableViewController.m in Sources */ = {isa = PBXBuildFile; fileRef = 020F3323166E9DD4007DD053 /* SetupTableViewController.m */; };
		0235FCD21669423F008F136B /* UIKit.framework in Frameworks */ = {isa = PBXBuildFile; fileRef = 0235FCD11669423F008F136B /* UIKit.framework */; };
		0235FCD41669423F008F136B /* Foundation.framework in Frameworks */ = {isa = PBXBuildFile; fileRef = 0235FCD31669423F008F136B /* Foundation.framework */; };
		0235FCD61669423F008F136B /* CoreGraphics.framework in Frameworks */ = {isa = PBXBuildFile; fileRef = 0235FCD51669423F008F136B /* CoreGraphics.framework */; };
		0235FCDC1669423F008F136B /* InfoPlist.strings in Resources */ = {isa = PBXBuildFile; fileRef = 0235FCDA1669423F008F136B /* InfoPlist.strings */; };
		0235FCDE1669423F008F136B /* main.m in Sources */ = {isa = PBXBuildFile; fileRef = 0235FCDD1669423F008F136B /* main.m */; };
		0235FCE21669423F008F136B /* AppDelegate.m in Sources */ = {isa = PBXBuildFile; fileRef = 0235FCE11669423F008F136B /* AppDelegate.m */; };
		0235FCE41669423F008F136B /* Default.png in Resources */ = {isa = PBXBuildFile; fileRef = 0235FCE31669423F008F136B /* Default.png */; };
		0235FCE61669423F008F136B /* Default@2x.png in Resources */ = {isa = PBXBuildFile; fileRef = 0235FCE51669423F008F136B /* Default@2x.png */; };
		0235FCE81669423F008F136B /* Default-568h@2x.png in Resources */ = {isa = PBXBuildFile; fileRef = 0235FCE71669423F008F136B /* Default-568h@2x.png */; };
		0235FCEB1669423F008F136B /* MainStoryboard_iPhone.storyboard in Resources */ = {isa = PBXBuildFile; fileRef = 0235FCE91669423F008F136B /* MainStoryboard_iPhone.storyboard */; };
		0235FCEE1669423F008F136B /* MainStoryboard_iPad.storyboard in Resources */ = {isa = PBXBuildFile; fileRef = 0235FCEC1669423F008F136B /* MainStoryboard_iPad.storyboard */; };
		0235FCF11669423F008F136B /* MasterViewController.m in Sources */ = {isa = PBXBuildFile; fileRef = 0235FCF01669423F008F136B /* MasterViewController.m */; };
		0235FCF41669423F008F136B /* DetailViewController.m in Sources */ = {isa = PBXBuildFile; fileRef = 0235FCF31669423F008F136B /* DetailViewController.m */; };
		0235FCFC1669423F008F136B /* SenTestingKit.framework in Frameworks */ = {isa = PBXBuildFile; fileRef = 0235FCFB1669423F008F136B /* SenTestingKit.framework */; };
		0235FCFD1669423F008F136B /* UIKit.framework in Frameworks */ = {isa = PBXBuildFile; fileRef = 0235FCD11669423F008F136B /* UIKit.framework */; };
		0235FCFE1669423F008F136B /* Foundation.framework in Frameworks */ = {isa = PBXBuildFile; fileRef = 0235FCD31669423F008F136B /* Foundation.framework */; };
		0235FD0616694240008F136B /* InfoPlist.strings in Resources */ = {isa = PBXBuildFile; fileRef = 0235FD0416694240008F136B /* InfoPlist.strings */; };
		0235FD0916694240008F136B /* TrackAppTests.m in Sources */ = {isa = PBXBuildFile; fileRef = 0235FD0816694240008F136B /* TrackAppTests.m */; };
		0235FD181669446D008F136B /* TaskMenuViewController.m in Sources */ = {isa = PBXBuildFile; fileRef = 0235FD171669446D008F136B /* TaskMenuViewController.m */; };
		0235FD1B1669452E008F136B /* FolderMenuViewController.m in Sources */ = {isa = PBXBuildFile; fileRef = 0235FD1A1669452E008F136B /* FolderMenuViewController.m */; };
		0235FD1D166945CB008F136B /* FolderMenuView.xib in Resources */ = {isa = PBXBuildFile; fileRef = 0235FD1C166945CB008F136B /* FolderMenuView.xib */; };
		0235FD2716694B91008F136B /* test.xib in Resources */ = {isa = PBXBuildFile; fileRef = 0235FD2616694B91008F136B /* test.xib */; };
		0235FD3016694F62008F136B /* TaskMenuView.xib in Resources */ = {isa = PBXBuildFile; fileRef = 0235FD2F16694F62008F136B /* TaskMenuView.xib */; };
		0235FD3416695270008F136B /* CreateTaskView.xib in Resources */ = {isa = PBXBuildFile; fileRef = 0235FD3316695270008F136B /* CreateTaskView.xib */; };
		0235FD3916695750008F136B /* CreateTaskViewController.m in Sources */ = {isa = PBXBuildFile; fileRef = 0235FD3816695750008F136B /* CreateTaskViewController.m */; };
		0A241A301674FB70007E7F08 /* UITaskListViewControllerIPad.m in Sources */ = {isa = PBXBuildFile; fileRef = 0A241A2F1674FB70007E7F08 /* UITaskListViewControllerIPad.m */; };
		0A241A331674FBCC007E7F08 /* UITaskViewCell.m in Sources */ = {isa = PBXBuildFile; fileRef = 0A241A321674FBCC007E7F08 /* UITaskViewCell.m */; };
		DA62A47F166E9754001C370F /* FolderMenuViewIpad.xib in Resources */ = {isa = PBXBuildFile; fileRef = DA62A47E166E9754001C370F /* FolderMenuViewIpad.xib */; };
		DA62A482166E98C2001C370F /* TaskMenuViewIpad.xib in Resources */ = {isa = PBXBuildFile; fileRef = DA62A481166E98C2001C370F /* TaskMenuViewIpad.xib */; };
		DA62A484166E99B2001C370F /* CreateTaskViewIpad.xib in Resources */ = {isa = PBXBuildFile; fileRef = DA62A483166E99B2001C370F /* CreateTaskViewIpad.xib */; };
/* End PBXBuildFile section */

/* Begin PBXContainerItemProxy section */
		0235FCFF1669423F008F136B /* PBXContainerItemProxy */ = {
			isa = PBXContainerItemProxy;
			containerPortal = 0235FCC41669423F008F136B /* Project object */;
			proxyType = 1;
			remoteGlobalIDString = 0235FCCC1669423F008F136B;
			remoteInfo = TrackApp;
		};
/* End PBXContainerItemProxy section */

/* Begin PBXFileReference section */
		020F3322166E9DD4007DD053 /* SetupTableViewController.h */ = {isa = PBXFileReference; fileEncoding = 4; lastKnownFileType = sourcecode.c.h; path = SetupTableViewController.h; sourceTree = "<group>"; };
		020F3323166E9DD4007DD053 /* SetupTableViewController.m */ = {isa = PBXFileReference; fileEncoding = 4; lastKnownFileType = sourcecode.c.objc; path = SetupTableViewController.m; sourceTree = "<group>"; };
		0235FCCD1669423F008F136B /* TrackApp.app */ = {isa = PBXFileReference; explicitFileType = wrapper.application; includeInIndex = 0; path = TrackApp.app; sourceTree = BUILT_PRODUCTS_DIR; };
		0235FCD11669423F008F136B /* UIKit.framework */ = {isa = PBXFileReference; lastKnownFileType = wrapper.framework; name = UIKit.framework; path = System/Library/Frameworks/UIKit.framework; sourceTree = SDKROOT; };
		0235FCD31669423F008F136B /* Foundation.framework */ = {isa = PBXFileReference; lastKnownFileType = wrapper.framework; name = Foundation.framework; path = System/Library/Frameworks/Foundation.framework; sourceTree = SDKROOT; };
		0235FCD51669423F008F136B /* CoreGraphics.framework */ = {isa = PBXFileReference; lastKnownFileType = wrapper.framework; name = CoreGraphics.framework; path = System/Library/Frameworks/CoreGraphics.framework; sourceTree = SDKROOT; };
		0235FCD91669423F008F136B /* TrackApp-Info.plist */ = {isa = PBXFileReference; lastKnownFileType = text.plist.xml; path = "TrackApp-Info.plist"; sourceTree = "<group>"; };
		0235FCDB1669423F008F136B /* en */ = {isa = PBXFileReference; lastKnownFileType = text.plist.strings; name = en; path = en.lproj/InfoPlist.strings; sourceTree = "<group>"; };
		0235FCDD1669423F008F136B /* main.m */ = {isa = PBXFileReference; lastKnownFileType = sourcecode.c.objc; path = main.m; sourceTree = "<group>"; };
		0235FCDF1669423F008F136B /* TrackApp-Prefix.pch */ = {isa = PBXFileReference; lastKnownFileType = sourcecode.c.h; path = "TrackApp-Prefix.pch"; sourceTree = "<group>"; };
		0235FCE01669423F008F136B /* AppDelegate.h */ = {isa = PBXFileReference; lastKnownFileType = sourcecode.c.h; path = AppDelegate.h; sourceTree = "<group>"; };
		0235FCE11669423F008F136B /* AppDelegate.m */ = {isa = PBXFileReference; lastKnownFileType = sourcecode.c.objc; path = AppDelegate.m; sourceTree = "<group>"; };
		0235FCE31669423F008F136B /* Default.png */ = {isa = PBXFileReference; lastKnownFileType = image.png; path = Default.png; sourceTree = "<group>"; };
		0235FCE51669423F008F136B /* Default@2x.png */ = {isa = PBXFileReference; lastKnownFileType = image.png; path = "Default@2x.png"; sourceTree = "<group>"; };
		0235FCE71669423F008F136B /* Default-568h@2x.png */ = {isa = PBXFileReference; lastKnownFileType = image.png; path = "Default-568h@2x.png"; sourceTree = "<group>"; };
		0235FCEA1669423F008F136B /* en */ = {isa = PBXFileReference; lastKnownFileType = file.storyboard; name = en; path = en.lproj/MainStoryboard_iPhone.storyboard; sourceTree = "<group>"; };
		0235FCED1669423F008F136B /* en */ = {isa = PBXFileReference; lastKnownFileType = file.storyboard; name = en; path = en.lproj/MainStoryboard_iPad.storyboard; sourceTree = "<group>"; };
		0235FCEF1669423F008F136B /* MasterViewController.h */ = {isa = PBXFileReference; lastKnownFileType = sourcecode.c.h; path = MasterViewController.h; sourceTree = "<group>"; };
		0235FCF01669423F008F136B /* MasterViewController.m */ = {isa = PBXFileReference; lastKnownFileType = sourcecode.c.objc; path = MasterViewController.m; sourceTree = "<group>"; };
		0235FCF21669423F008F136B /* DetailViewController.h */ = {isa = PBXFileReference; lastKnownFileType = sourcecode.c.h; path = DetailViewController.h; sourceTree = "<group>"; };
		0235FCF31669423F008F136B /* DetailViewController.m */ = {isa = PBXFileReference; lastKnownFileType = sourcecode.c.objc; path = DetailViewController.m; sourceTree = "<group>"; };
		0235FCFA1669423F008F136B /* TrackAppTests.octest */ = {isa = PBXFileReference; explicitFileType = wrapper.cfbundle; includeInIndex = 0; path = TrackAppTests.octest; sourceTree = BUILT_PRODUCTS_DIR; };
		0235FCFB1669423F008F136B /* SenTestingKit.framework */ = {isa = PBXFileReference; lastKnownFileType = wrapper.framework; name = SenTestingKit.framework; path = Library/Frameworks/SenTestingKit.framework; sourceTree = DEVELOPER_DIR; };
		0235FD0316694240008F136B /* TrackAppTests-Info.plist */ = {isa = PBXFileReference; lastKnownFileType = text.plist.xml; path = "TrackAppTests-Info.plist"; sourceTree = "<group>"; };
		0235FD0516694240008F136B /* en */ = {isa = PBXFileReference; lastKnownFileType = text.plist.strings; name = en; path = en.lproj/InfoPlist.strings; sourceTree = "<group>"; };
		0235FD0716694240008F136B /* TrackAppTests.h */ = {isa = PBXFileReference; lastKnownFileType = sourcecode.c.h; path = TrackAppTests.h; sourceTree = "<group>"; };
		0235FD0816694240008F136B /* TrackAppTests.m */ = {isa = PBXFileReference; lastKnownFileType = sourcecode.c.objc; path = TrackAppTests.m; sourceTree = "<group>"; };
		0235FD161669446D008F136B /* TaskMenuViewController.h */ = {isa = PBXFileReference; fileEncoding = 4; lastKnownFileType = sourcecode.c.h; path = TaskMenuViewController.h; sourceTree = "<group>"; };
		0235FD171669446D008F136B /* TaskMenuViewController.m */ = {isa = PBXFileReference; fileEncoding = 4; lastKnownFileType = sourcecode.c.objc; path = TaskMenuViewController.m; sourceTree = "<group>"; };
		0235FD191669452E008F136B /* FolderMenuViewController.h */ = {isa = PBXFileReference; fileEncoding = 4; lastKnownFileType = sourcecode.c.h; path = FolderMenuViewController.h; sourceTree = "<group>"; };
		0235FD1A1669452E008F136B /* FolderMenuViewController.m */ = {isa = PBXFileReference; fileEncoding = 4; lastKnownFileType = sourcecode.c.objc; path = FolderMenuViewController.m; sourceTree = "<group>"; };
		0235FD1C166945CB008F136B /* FolderMenuView.xib */ = {isa = PBXFileReference; fileEncoding = 4; lastKnownFileType = file.xib; path = FolderMenuView.xib; sourceTree = "<group>"; };
		0235FD2616694B91008F136B /* test.xib */ = {isa = PBXFileReference; fileEncoding = 4; lastKnownFileType = file.xib; path = test.xib; sourceTree = "<group>"; };
		0235FD2F16694F62008F136B /* TaskMenuView.xib */ = {isa = PBXFileReference; fileEncoding = 4; lastKnownFileType = file.xib; path = TaskMenuView.xib; sourceTree = "<group>"; };
		0235FD3316695270008F136B /* CreateTaskView.xib */ = {isa = PBXFileReference; fileEncoding = 4; lastKnownFileType = file.xib; path = CreateTaskView.xib; sourceTree = "<group>"; };
		0235FD35166956D1008F136B /* CreateTaskViewController.h */ = {isa = PBXFileReference; lastKnownFileType = sourcecode.c.h; path = CreateTaskViewController.h; sourceTree = "<group>"; };
		0235FD3816695750008F136B /* CreateTaskViewController.m */ = {isa = PBXFileReference; fileEncoding = 4; lastKnownFileType = sourcecode.c.objc; path = CreateTaskViewController.m; sourceTree = "<group>"; };
		0A241A2E1674FB70007E7F08 /* UITaskListViewControllerIPad.h */ = {isa = PBXFileReference; fileEncoding = 4; lastKnownFileType = sourcecode.c.h; name = UITaskListViewControllerIPad.h; path = ../UITaskListViewControllerIPad.h; sourceTree = "<group>"; };
		0A241A2F1674FB70007E7F08 /* UITaskListViewControllerIPad.m */ = {isa = PBXFileReference; fileEncoding = 4; lastKnownFileType = sourcecode.c.objc; name = UITaskListViewControllerIPad.m; path = ../UITaskListViewControllerIPad.m; sourceTree = "<group>"; };
		0A241A311674FBCC007E7F08 /* UITaskViewCell.h */ = {isa = PBXFileReference; fileEncoding = 4; lastKnownFileType = sourcecode.c.h; path = UITaskViewCell.h; sourceTree = "<group>"; };
		0A241A321674FBCC007E7F08 /* UITaskViewCell.m */ = {isa = PBXFileReference; fileEncoding = 4; lastKnownFileType = sourcecode.c.objc; path = UITaskViewCell.m; sourceTree = "<group>"; };
		DA62A47E166E9754001C370F /* FolderMenuViewIpad.xib */ = {isa = PBXFileReference; fileEncoding = 4; lastKnownFileType = file.xib; path = FolderMenuViewIpad.xib; sourceTree = "<group>"; };
		DA62A481166E98C2001C370F /* TaskMenuViewIpad.xib */ = {isa = PBXFileReference; fileEncoding = 4; lastKnownFileType = file.xib; path = TaskMenuViewIpad.xib; sourceTree = "<group>"; };
		DA62A483166E99B2001C370F /* CreateTaskViewIpad.xib */ = {isa = PBXFileReference; fileEncoding = 4; lastKnownFileType = file.xib; path = CreateTaskViewIpad.xib; sourceTree = "<group>"; };
/* End PBXFileReference section */

/* Begin PBXFrameworksBuildPhase section */
		0235FCCA1669423F008F136B /* Frameworks */ = {
			isa = PBXFrameworksBuildPhase;
			buildActionMask = 2147483647;
			files = (
				0235FCD21669423F008F136B /* UIKit.framework in Frameworks */,
				0235FCD41669423F008F136B /* Foundation.framework in Frameworks */,
				0235FCD61669423F008F136B /* CoreGraphics.framework in Frameworks */,
			);
			runOnlyForDeploymentPostprocessing = 0;
		};
		0235FCF61669423F008F136B /* Frameworks */ = {
			isa = PBXFrameworksBuildPhase;
			buildActionMask = 2147483647;
			files = (
				0235FCFC1669423F008F136B /* SenTestingKit.framework in Frameworks */,
				0235FCFD1669423F008F136B /* UIKit.framework in Frameworks */,
				0235FCFE1669423F008F136B /* Foundation.framework in Frameworks */,
			);
			runOnlyForDeploymentPostprocessing = 0;
		};
/* End PBXFrameworksBuildPhase section */

/* Begin PBXGroup section */
		0235FCC21669423F008F136B = {
			isa = PBXGroup;
			children = (
				0235FCD71669423F008F136B /* TrackApp */,
				0235FD011669423F008F136B /* TrackAppTests */,
				0235FCD01669423F008F136B /* Frameworks */,
				0235FCCE1669423F008F136B /* Products */,
			);
			sourceTree = "<group>";
		};
		0235FCCE1669423F008F136B /* Products */ = {
			isa = PBXGroup;
			children = (
				0235FCCD1669423F008F136B /* TrackApp.app */,
				0235FCFA1669423F008F136B /* TrackAppTests.octest */,
			);
			name = Products;
			sourceTree = "<group>";
		};
		0235FCD01669423F008F136B /* Frameworks */ = {
			isa = PBXGroup;
			children = (
				0235FCD11669423F008F136B /* UIKit.framework */,
				0235FCD31669423F008F136B /* Foundation.framework */,
				0235FCD51669423F008F136B /* CoreGraphics.framework */,
				0235FCFB1669423F008F136B /* SenTestingKit.framework */,
			);
			name = Frameworks;
			sourceTree = "<group>";
		};
		0235FCD71669423F008F136B /* TrackApp */ = {
			isa = PBXGroup;
			children = (
				0A241A311674FBCC007E7F08 /* UITaskViewCell.h */,
				0A241A321674FBCC007E7F08 /* UITaskViewCell.m */,
				0A241A2E1674FB70007E7F08 /* UITaskListViewControllerIPad.h */,
				0A241A2F1674FB70007E7F08 /* UITaskListViewControllerIPad.m */,
				0235FD191669452E008F136B /* FolderMenuViewController.h */,
				0235FD1A1669452E008F136B /* FolderMenuViewController.m */,
				0235FD1C166945CB008F136B /* FolderMenuView.xib */,
				DA62A47E166E9754001C370F /* FolderMenuViewIpad.xib */,
				0235FD161669446D008F136B /* TaskMenuViewController.h */,
				0235FD171669446D008F136B /* TaskMenuViewController.m */,
				020F3322166E9DD4007DD053 /* SetupTableViewController.h */,
				020F3323166E9DD4007DD053 /* SetupTableViewController.m */,
				0235FD2F16694F62008F136B /* TaskMenuView.xib */,
				DA62A481166E98C2001C370F /* TaskMenuViewIpad.xib */,
				0235FCE01669423F008F136B /* AppDelegate.h */,
				0235FCE11669423F008F136B /* AppDelegate.m */,
				0235FCE91669423F008F136B /* MainStoryboard_iPhone.storyboard */,
				0235FCEC1669423F008F136B /* MainStoryboard_iPad.storyboard */,
				0235FCEF1669423F008F136B /* MasterViewController.h */,
				0235FCF01669423F008F136B /* MasterViewController.m */,
				0235FCF21669423F008F136B /* DetailViewController.h */,
				0235FCF31669423F008F136B /* DetailViewController.m */,
				0235FD35166956D1008F136B /* CreateTaskViewController.h */,
				0235FD3816695750008F136B /* CreateTaskViewController.m */,
				0235FCD81669423F008F136B /* Supporting Files */,
				0235FD2616694B91008F136B /* test.xib */,
				0235FD3316695270008F136B /* CreateTaskView.xib */,
				DA62A483166E99B2001C370F /* CreateTaskViewIpad.xib */,
			);
			path = TrackApp;
			sourceTree = "<group>";
		};
		0235FCD81669423F008F136B /* Supporting Files */ = {
			isa = PBXGroup;
			children = (
				0235FCD91669423F008F136B /* TrackApp-Info.plist */,
				0235FCDA1669423F008F136B /* InfoPlist.strings */,
				0235FCDD1669423F008F136B /* main.m */,
				0235FCDF1669423F008F136B /* TrackApp-Prefix.pch */,
				0235FCE31669423F008F136B /* Default.png */,
				0235FCE51669423F008F136B /* Default@2x.png */,
				0235FCE71669423F008F136B /* Default-568h@2x.png */,
			);
			name = "Supporting Files";
			sourceTree = "<group>";
		};
		0235FD011669423F008F136B /* TrackAppTests */ = {
			isa = PBXGroup;
			children = (
				0235FD0716694240008F136B /* TrackAppTests.h */,
				0235FD0816694240008F136B /* TrackAppTests.m */,
				0235FD0216694240008F136B /* Supporting Files */,
			);
			path = TrackAppTests;
			sourceTree = "<group>";
		};
		0235FD0216694240008F136B /* Supporting Files */ = {
			isa = PBXGroup;
			children = (
				0235FD0316694240008F136B /* TrackAppTests-Info.plist */,
				0235FD0416694240008F136B /* InfoPlist.strings */,
			);
			name = "Supporting Files";
			sourceTree = "<group>";
		};
/* End PBXGroup section */

/* Begin PBXNativeTarget section */
		0235FCCC1669423F008F136B /* TrackApp */ = {
			isa = PBXNativeTarget;
			buildConfigurationList = 0235FD0C16694240008F136B /* Build configuration list for PBXNativeTarget "TrackApp" */;
			buildPhases = (
				0235FCC91669423F008F136B /* Sources */,
				0235FCCA1669423F008F136B /* Frameworks */,
				0235FCCB1669423F008F136B /* Resources */,
			);
			buildRules = (
			);
			dependencies = (
			);
			name = TrackApp;
			productName = TrackApp;
			productReference = 0235FCCD1669423F008F136B /* TrackApp.app */;
			productType = "com.apple.product-type.application";
		};
		0235FCF91669423F008F136B /* TrackAppTests */ = {
			isa = PBXNativeTarget;
			buildConfigurationList = 0235FD0F16694240008F136B /* Build configuration list for PBXNativeTarget "TrackAppTests" */;
			buildPhases = (
				0235FCF51669423F008F136B /* Sources */,
				0235FCF61669423F008F136B /* Frameworks */,
				0235FCF71669423F008F136B /* Resources */,
				0235FCF81669423F008F136B /* ShellScript */,
			);
			buildRules = (
			);
			dependencies = (
				0235FD001669423F008F136B /* PBXTargetDependency */,
			);
			name = TrackAppTests;
			productName = TrackAppTests;
			productReference = 0235FCFA1669423F008F136B /* TrackAppTests.octest */;
			productType = "com.apple.product-type.bundle";
		};
/* End PBXNativeTarget section */

/* Begin PBXProject section */
		0235FCC41669423F008F136B /* Project object */ = {
			isa = PBXProject;
			attributes = {
				LastUpgradeCheck = 0450;
				ORGANIZATIONNAME = ATMA;
			};
			buildConfigurationList = 0235FCC71669423F008F136B /* Build configuration list for PBXProject "TrackApp" */;
			compatibilityVersion = "Xcode 3.2";
			developmentRegion = English;
			hasScannedForEncodings = 0;
			knownRegions = (
				en,
			);
			mainGroup = 0235FCC21669423F008F136B;
			productRefGroup = 0235FCCE1669423F008F136B /* Products */;
			projectDirPath = "";
			projectRoot = "";
			targets = (
				0235FCCC1669423F008F136B /* TrackApp */,
				0235FCF91669423F008F136B /* TrackAppTests */,
			);
		};
/* End PBXProject section */

/* Begin PBXResourcesBuildPhase section */
		0235FCCB1669423F008F136B /* Resources */ = {
			isa = PBXResourcesBuildPhase;
			buildActionMask = 2147483647;
			files = (
				0235FCDC1669423F008F136B /* InfoPlist.strings in Resources */,
				0235FCE41669423F008F136B /* Default.png in Resources */,
				0235FCE61669423F008F136B /* Default@2x.png in Resources */,
				0235FCE81669423F008F136B /* Default-568h@2x.png in Resources */,
				0235FCEB1669423F008F136B /* MainStoryboard_iPhone.storyboard in Resources */,
				0235FCEE1669423F008F136B /* MainStoryboard_iPad.storyboard in Resources */,
				0235FD1D166945CB008F136B /* FolderMenuView.xib in Resources */,
				0235FD2716694B91008F136B /* test.xib in Resources */,
				0235FD3016694F62008F136B /* TaskMenuView.xib in Resources */,
				0235FD3416695270008F136B /* CreateTaskView.xib in Resources */,
				DA62A47F166E9754001C370F /* FolderMenuViewIpad.xib in Resources */,
				DA62A482166E98C2001C370F /* TaskMenuViewIpad.xib in Resources */,
				DA62A484166E99B2001C370F /* CreateTaskViewIpad.xib in Resources */,
			);
			runOnlyForDeploymentPostprocessing = 0;
		};
		0235FCF71669423F008F136B /* Resources */ = {
			isa = PBXResourcesBuildPhase;
			buildActionMask = 2147483647;
			files = (
				0235FD0616694240008F136B /* InfoPlist.strings in Resources */,
			);
			runOnlyForDeploymentPostprocessing = 0;
		};
/* End PBXResourcesBuildPhase section */

/* Begin PBXShellScriptBuildPhase section */
		0235FCF81669423F008F136B /* ShellScript */ = {
			isa = PBXShellScriptBuildPhase;
			buildActionMask = 2147483647;
			files = (
			);
			inputPaths = (
			);
			outputPaths = (
			);
			runOnlyForDeploymentPostprocessing = 0;
			shellPath = /bin/sh;
			shellScript = "# Run the unit tests in this test bundle.\n\"${SYSTEM_DEVELOPER_DIR}/Tools/RunUnitTests\"\n";
		};
/* End PBXShellScriptBuildPhase section */

/* Begin PBXSourcesBuildPhase section */
		0235FCC91669423F008F136B /* Sources */ = {
			isa = PBXSourcesBuildPhase;
			buildActionMask = 2147483647;
			files = (
				0235FCDE1669423F008F136B /* main.m in Sources */,
				0235FCE21669423F008F136B /* AppDelegate.m in Sources */,
				0235FCF11669423F008F136B /* MasterViewController.m in Sources */,
				0235FCF41669423F008F136B /* DetailViewController.m in Sources */,
				0235FD181669446D008F136B /* TaskMenuViewController.m in Sources */,
				0235FD1B1669452E008F136B /* FolderMenuViewController.m in Sources */,
				0235FD3916695750008F136B /* CreateTaskViewController.m in Sources */,
				0A241A301674FB70007E7F08 /* UITaskListViewControllerIPad.m in Sources */,
				0A241A331674FBCC007E7F08 /* UITaskViewCell.m in Sources */,
			);
			runOnlyForDeploymentPostprocessing = 0;
		};
		0235FCF51669423F008F136B /* Sources */ = {
			isa = PBXSourcesBuildPhase;
			buildActionMask = 2147483647;
			files = (
				0235FD0916694240008F136B /* TrackAppTests.m in Sources */,
				020F3324166E9DD4007DD053 /* SetupTableViewController.m in Sources */,
			);
			runOnlyForDeploymentPostprocessing = 0;
		};
/* End PBXSourcesBuildPhase section */

/* Begin PBXTargetDependency section */
		0235FD001669423F008F136B /* PBXTargetDependency */ = {
			isa = PBXTargetDependency;
			target = 0235FCCC1669423F008F136B /* TrackApp */;
			targetProxy = 0235FCFF1669423F008F136B /* PBXContainerItemProxy */;
		};
/* End PBXTargetDependency section */

/* Begin PBXVariantGroup section */
		0235FCDA1669423F008F136B /* InfoPlist.strings */ = {
			isa = PBXVariantGroup;
			children = (
				0235FCDB1669423F008F136B /* en */,
			);
			name = InfoPlist.strings;
			sourceTree = "<group>";
		};
		0235FCE91669423F008F136B /* MainStoryboard_iPhone.storyboard */ = {
			isa = PBXVariantGroup;
			children = (
				0235FCEA1669423F008F136B /* en */,
			);
			name = MainStoryboard_iPhone.storyboard;
			sourceTree = "<group>";
		};
		0235FCEC1669423F008F136B /* MainStoryboard_iPad.storyboard */ = {
			isa = PBXVariantGroup;
			children = (
				0235FCED1669423F008F136B /* en */,
			);
			name = MainStoryboard_iPad.storyboard;
			sourceTree = "<group>";
		};
		0235FD0416694240008F136B /* InfoPlist.strings */ = {
			isa = PBXVariantGroup;
			children = (
				0235FD0516694240008F136B /* en */,
			);
			name = InfoPlist.strings;
			sourceTree = "<group>";
		};
/* End PBXVariantGroup section */

/* Begin XCBuildConfiguration section */
		0235FD0A16694240008F136B /* Debug */ = {
			isa = XCBuildConfiguration;
			buildSettings = {
				ALWAYS_SEARCH_USER_PATHS = NO;
				CLANG_CXX_LANGUAGE_STANDARD = "gnu++0x";
				CLANG_CXX_LIBRARY = "libc++";
				CLANG_ENABLE_OBJC_ARC = YES;
				CLANG_WARN_EMPTY_BODY = YES;
				CLANG_WARN__DUPLICATE_METHOD_MATCH = YES;
				"CODE_SIGN_IDENTITY[sdk=iphoneos*]" = "iPhone Developer";
				COPY_PHASE_STRIP = NO;
				GCC_C_LANGUAGE_STANDARD = gnu99;
				GCC_DYNAMIC_NO_PIC = NO;
				GCC_OPTIMIZATION_LEVEL = 0;
				GCC_PREPROCESSOR_DEFINITIONS = (
					"DEBUG=1",
					"$(inherited)",
				);
				GCC_SYMBOLS_PRIVATE_EXTERN = NO;
				GCC_WARN_ABOUT_RETURN_TYPE = YES;
				GCC_WARN_UNINITIALIZED_AUTOS = YES;
				GCC_WARN_UNUSED_VARIABLE = YES;
				IPHONEOS_DEPLOYMENT_TARGET = 6.0;
				ONLY_ACTIVE_ARCH = YES;
				SDKROOT = iphoneos;
				TARGETED_DEVICE_FAMILY = "1,2";
			};
			name = Debug;
		};
		0235FD0B16694240008F136B /* Release */ = {
			isa = XCBuildConfiguration;
			buildSettings = {
				ALWAYS_SEARCH_USER_PATHS = NO;
				CLANG_CXX_LANGUAGE_STANDARD = "gnu++0x";
				CLANG_CXX_LIBRARY = "libc++";
				CLANG_ENABLE_OBJC_ARC = YES;
				CLANG_WARN_EMPTY_BODY = YES;
				CLANG_WARN__DUPLICATE_METHOD_MATCH = YES;
				"CODE_SIGN_IDENTITY[sdk=iphoneos*]" = "iPhone Developer";
				COPY_PHASE_STRIP = YES;
				GCC_C_LANGUAGE_STANDARD = gnu99;
				GCC_WARN_ABOUT_RETURN_TYPE = YES;
				GCC_WARN_UNINITIALIZED_AUTOS = YES;
				GCC_WARN_UNUSED_VARIABLE = YES;
				IPHONEOS_DEPLOYMENT_TARGET = 6.0;
				OTHER_CFLAGS = "-DNS_BLOCK_ASSERTIONS=1";
				SDKROOT = iphoneos;
				TARGETED_DEVICE_FAMILY = "1,2";
				VALIDATE_PRODUCT = YES;
			};
			name = Release;
		};
		0235FD0D16694240008F136B /* Debug */ = {
			isa = XCBuildConfiguration;
			buildSettings = {
				GCC_PRECOMPILE_PREFIX_HEADER = YES;
				GCC_PREFIX_HEADER = "TrackApp/TrackApp-Prefix.pch";
				INFOPLIST_FILE = "TrackApp/TrackApp-Info.plist";
				IPHONEOS_DEPLOYMENT_TARGET = 5.0;
				PRODUCT_NAME = "$(TARGET_NAME)";
				WRAPPER_EXTENSION = app;
			};
			name = Debug;
		};
		0235FD0E16694240008F136B /* Release */ = {
			isa = XCBuildConfiguration;
			buildSettings = {
				GCC_PRECOMPILE_PREFIX_HEADER = YES;
				GCC_PREFIX_HEADER = "TrackApp/TrackApp-Prefix.pch";
				INFOPLIST_FILE = "TrackApp/TrackApp-Info.plist";
				IPHONEOS_DEPLOYMENT_TARGET = 5.0;
				PRODUCT_NAME = "$(TARGET_NAME)";
				WRAPPER_EXTENSION = app;
			};
			name = Release;
		};
		0235FD1016694240008F136B /* Debug */ = {
			isa = XCBuildConfiguration;
			buildSettings = {
				BUNDLE_LOADER = "$(BUILT_PRODUCTS_DIR)/TrackApp.app/TrackApp";
				FRAMEWORK_SEARCH_PATHS = (
					"\"$(SDKROOT)/Developer/Library/Frameworks\"",
					"\"$(DEVELOPER_LIBRARY_DIR)/Frameworks\"",
				);
				GCC_PRECOMPILE_PREFIX_HEADER = YES;
				GCC_PREFIX_HEADER = "TrackApp/TrackApp-Prefix.pch";
				INFOPLIST_FILE = "TrackAppTests/TrackAppTests-Info.plist";
				PRODUCT_NAME = "$(TARGET_NAME)";
				TEST_HOST = "$(BUNDLE_LOADER)";
				WRAPPER_EXTENSION = octest;
			};
			name = Debug;
		};
		0235FD1116694240008F136B /* Release */ = {
			isa = XCBuildConfiguration;
			buildSettings = {
				BUNDLE_LOADER = "$(BUILT_PRODUCTS_DIR)/TrackApp.app/TrackApp";
				FRAMEWORK_SEARCH_PATHS = (
					"\"$(SDKROOT)/Developer/Library/Frameworks\"",
					"\"$(DEVELOPER_LIBRARY_DIR)/Frameworks\"",
				);
				GCC_PRECOMPILE_PREFIX_HEADER = YES;
				GCC_PREFIX_HEADER = "TrackApp/TrackApp-Prefix.pch";
				INFOPLIST_FILE = "TrackAppTests/TrackAppTests-Info.plist";
				PRODUCT_NAME = "$(TARGET_NAME)";
				TEST_HOST = "$(BUNDLE_LOADER)";
				WRAPPER_EXTENSION = octest;
			};
			name = Release;
		};
/* End XCBuildConfiguration section */

/* Begin XCConfigurationList section */
		0235FCC71669423F008F136B /* Build configuration list for PBXProject "TrackApp" */ = {
			isa = XCConfigurationList;
			buildConfigurations = (
				0235FD0A16694240008F136B /* Debug */,
				0235FD0B16694240008F136B /* Release */,
			);
			defaultConfigurationIsVisible = 0;
			defaultConfigurationName = Release;
		};
		0235FD0C16694240008F136B /* Build configuration list for PBXNativeTarget "TrackApp" */ = {
			isa = XCConfigurationList;
			buildConfigurations = (
				0235FD0D16694240008F136B /* Debug */,
				0235FD0E16694240008F136B /* Release */,
			);
			defaultConfigurationIsVisible = 0;
			defaultConfigurationName = Release;
		};
		0235FD0F16694240008F136B /* Build configuration list for PBXNativeTarget "TrackAppTests" */ = {
			isa = XCConfigurationList;
			buildConfigurations = (
				0235FD1016694240008F136B /* Debug */,
				0235FD1116694240008F136B /* Release */,
			);
			defaultConfigurationIsVisible = 0;
			defaultConfigurationName = Release;
		};
/* End XCConfigurationList section */
	};
	rootObject = 0235FCC41669423F008F136B /* Project object */;
}
